
Microsoft Visual Studio Solution File, Format Version 12.00
# Visual Studio Version 17
VisualStudioVersion = 17.4.33213.308
MinimumVisualStudioVersion = 10.0.40219.1
Project("{FAE04EC0-301F-11D3-BF4B-00C04F79EFBC}") = "WebApiDemo", "WebApiDemo\WebApiDemo.csproj", "{83655399-4956-496C-9C15-D56B7BD80EB4}"
EndProject
Global
	GlobalSection(SolutionConfigurationPlatforms) = preSolution
		Debug|Any CPU = Debug|Any CPU
		Release|Any CPU = Release|Any CPU
	EndGlobalSection
	GlobalSection(ProjectConfigurationPlatforms) = postSolution
		{83655399-4956-496C-9C15-D56B7BD80EB4}.Debug|Any CPU.ActiveCfg = Debug|Any CPU
		{83655399-4956-496C-9C15-D56B7BD80EB4}.Debug|Any CPU.Build.0 = Debug|Any CPU
		{83655399-4956-496C-9C15-D56B7BD80EB4}.Release|Any CPU.ActiveCfg = Release|Any CPU
		{83655399-4956-496C-9C15-D56B7BD80EB4}.Release|Any CPU.Build.0 = Release|Any CPU
	EndGlobalSection
	GlobalSection(SolutionProperties) = preSolution
		HideSolutionNode = FALSE
	EndGlobalSection
	GlobalSection(ExtensibilityGlobals) = postSolution
		SolutionGuid = {37AB1A00-66E6-4602-896B-1F44D1CF5B91}
	EndGlobalSection
EndGlobal
